<?xml version="1.0" encoding="UTF-8"?>
<CONFIG>
  <ProjectOptions>
    <Version Value="12"/>
    <General>
      <Flags>
        <MainUnitHasCreateFormStatements Value="False"/>
        <MainUnitHasTitleStatement Value="False"/>
        <MainUnitHasScaledStatement Value="False"/>
      </Flags>
      <SessionStorage Value="InProjectDir"/>
      <Title Value="fptools"/>
      <UseAppBundle Value="False"/>
      <ResourceType Value="res"/>
    </General>
    <BuildModes>
      <Item Name="Darwin" Default="True"/>
      <Item Name="Linux">
        <CompilerOptions>
          <Version Value="11"/>
          <Target>
            <Filename Value="../bin/$(TargetOS)/fptools"/>
          </Target>
          <SearchPaths>
            <IncludeFiles Value="$(ProjOutDir);jcf2/Include"/>
            <OtherUnitFiles Value="jcf2;jcf2/IdePlugin/lazarus;jcf2/Parse;jcf2/Parse/PreProcessor;jcf2/Process;jcf2/Process/Align;jcf2/Process/Capitalisation;jcf2/Process/Indent;jcf2/Process/Info;jcf2/Process/Obfuscate;jcf2/Process/Onceoffs;jcf2/Process/Returns;jcf2/Process/Spacing;jcf2/Process/Transform;jcf2/Process/Warnings;jcf2/ReadWrite;jcf2/Settings;jcf2/Settings/Streams;jcf2/Utils"/>
            <UnitOutputDirectory Value="lib/$(TargetCPU)-$(TargetOS)"/>
          </SearchPaths>
          <CodeGeneration>
            <TargetOS Value="linux"/>
          </CodeGeneration>
          <Linking>
            <Debugging>
              <GenerateDebugInfo Value="False"/>
              <StripSymbols Value="True"/>
            </Debugging>
          </Linking>
        </CompilerOptions>
      </Item>
      <Item Name="Windows">
        <CompilerOptions>
          <Version Value="11"/>
          <Target>
            <Filename Value="../bin/$(TargetOS)/fptools"/>
          </Target>
          <SearchPaths>
            <IncludeFiles Value="$(ProjOutDir);jcf2/Include"/>
            <OtherUnitFiles Value="jcf2;jcf2/IdePlugin/lazarus;jcf2/Parse;jcf2/Parse/PreProcessor;jcf2/Process;jcf2/Process/Align;jcf2/Process/Capitalisation;jcf2/Process/Indent;jcf2/Process/Info;jcf2/Process/Obfuscate;jcf2/Process/Onceoffs;jcf2/Process/Returns;jcf2/Process/Spacing;jcf2/Process/Transform;jcf2/Process/Warnings;jcf2/ReadWrite;jcf2/Settings;jcf2/Settings/Streams;jcf2/Utils"/>
            <UnitOutputDirectory Value="lib/$(TargetCPU)-$(TargetOS)"/>
          </SearchPaths>
          <CodeGeneration>
            <TargetOS Value="win64"/>
          </CodeGeneration>
          <Linking>
            <Debugging>
              <GenerateDebugInfo Value="False"/>
              <StripSymbols Value="True"/>
            </Debugging>
          </Linking>
        </CompilerOptions>
      </Item>
    </BuildModes>
    <PublishOptions>
      <Version Value="2"/>
      <UseFileFilters Value="True"/>
    </PublishOptions>
    <RunParams>
      <FormatVersion Value="2"/>
    </RunParams>
    <RequiredPackages>
      <Item>
        <PackageName Value="CodeTools"/>
      </Item>
      <Item>
        <PackageName Value="LazUtils"/>
      </Item>
    </RequiredPackages>
    <Units>
      <Unit>
        <Filename Value="fptools.lpr"/>
        <IsPartOfProject Value="True"/>
      </Unit>
      <Unit>
        <Filename Value="fptoolsutils.pas"/>
        <IsPartOfProject Value="True"/>
      </Unit>
      <Unit>
        <Filename Value="fptoolscodecore.pas"/>
        <IsPartOfProject Value="True"/>
      </Unit>
      <Unit>
        <Filename Value="fptoolscodecompletation.pas"/>
        <IsPartOfProject Value="True"/>
      </Unit>
      <Unit>
        <Filename Value="fptoolscodedefinition.pas"/>
        <IsPartOfProject Value="True"/>
      </Unit>
      <Unit>
        <Filename Value="fptoolscodeindentation.pas"/>
        <IsPartOfProject Value="True"/>
      </Unit>
      <Unit>
        <Filename Value="fptoolscoderefactoring.pas"/>
        <IsPartOfProject Value="True"/>
      </Unit>
      <Unit>
        <Filename Value="fptoolscodesuggestion.pas"/>
        <IsPartOfProject Value="True"/>
      </Unit>
      <Unit>
        <Filename Value="fptoolsprojectbuilding.pas"/>
        <IsPartOfProject Value="True"/>
      </Unit>
      <Unit>
        <Filename Value="fptoolsprojectcreation.pas"/>
        <IsPartOfProject Value="True"/>
      </Unit>
      <Unit>
        <Filename Value="fptoolsprojectsettings.pas"/>
        <IsPartOfProject Value="True"/>
      </Unit>
    </Units>
  </ProjectOptions>
  <CompilerOptions>
    <Version Value="11"/>
    <Target>
      <Filename Value="../bin/$(TargetOS)/fptools"/>
    </Target>
    <SearchPaths>
      <IncludeFiles Value="$(ProjOutDir);jcf2/Include"/>
      <OtherUnitFiles Value="jcf2;jcf2/IdePlugin/lazarus;jcf2/Parse;jcf2/Parse/PreProcessor;jcf2/Process;jcf2/Process/Align;jcf2/Process/Capitalisation;jcf2/Process/Indent;jcf2/Process/Info;jcf2/Process/Obfuscate;jcf2/Process/Onceoffs;jcf2/Process/Returns;jcf2/Process/Spacing;jcf2/Process/Transform;jcf2/Process/Warnings;jcf2/ReadWrite;jcf2/Settings;jcf2/Settings/Streams;jcf2/Utils"/>
      <UnitOutputDirectory Value="lib/$(TargetCPU)-$(TargetOS)"/>
    </SearchPaths>
    <CodeGeneration>
      <TargetOS Value="darwin"/>
    </CodeGeneration>
    <Linking>
      <Debugging>
        <GenerateDebugInfo Value="False"/>
        <StripSymbols Value="True"/>
      </Debugging>
    </Linking>
  </CompilerOptions>
  <Debugging>
    <Exceptions>
      <Item>
        <Name Value="EAbort"/>
      </Item>
      <Item>
        <Name Value="ECodetoolError"/>
      </Item>
      <Item>
        <Name Value="EFOpenError"/>
      </Item>
    </Exceptions>
  </Debugging>
</CONFIG>
